
Microsoft Visual Studio Solution File, Format Version 12.00
# Visual Studio Version 16
VisualStudioVersion = 16.0.29728.190
MinimumVisualStudioVersion = 10.0.40219.1
Project("{FAE04EC0-301F-11D3-BF4B-00C04F79EFBC}") = "MvcMovie", "MvcMovie\MvcMovie.csproj", "{DEF65708-D057-47FE-B021-312EE414B4EE}"
EndProject
Global
	GlobalSection(SolutionConfigurationPlatforms) = preSolution
		Debug|Any CPU = Debug|Any CPU
		Release|Any CPU = Release|Any CPU
	EndGlobalSection
	GlobalSection(ProjectConfigurationPlatforms) = postSolution
		{DEF65708-D057-47FE-B021-312EE414B4EE}.Debug|Any CPU.ActiveCfg = Debug|Any CPU
		{DEF65708-D057-47FE-B021-312EE414B4EE}.Debug|Any CPU.Build.0 = Debug|Any CPU
		{DEF65708-D057-47FE-B021-312EE414B4EE}.Release|Any CPU.ActiveCfg = Release|Any CPU
		{DEF65708-D057-47FE-B021-312EE414B4EE}.Release|Any CPU.Build.0 = Release|Any CPU
	EndGlobalSection
	GlobalSection(SolutionProperties) = preSolution
		HideSolutionNode = FALSE
	EndGlobalSection
	GlobalSection(ExtensibilityGlobals) = postSolution
		SolutionGuid = {A78074DF-6C9B-40E3-B1F2-109C3521F966}
	EndGlobalSection
EndGlobal
